{
  "name": "fonts",
  "lockfileVersion": 3,
  "requires": true,
  "packages": {
    "": {
      "dependencies": {
        "fontsource-firago": "^4.0.0"
      }
    },
    "node_modules/fontsource-firago": {
      "version": "4.0.0",
      "resolved": "https://registry.npmjs.org/fontsource-firago/-/fontsource-firago-4.0.0.tgz",
      "integrity": "sha512-ZFC0O+UBIk6VjiXEnD6yCY6yEdzkNI2Kq9F9xHXfPNN072FO8YYXr+2/iuTCTvpV7BnCRAJeJYEnthIIJ0cyHw==",
      "deprecated": "Package relocated. Please install and migrate to @fontsource/firago.",
      "license": "MIT"
    }
  }
}
